
Microsoft Visual Studio Solution File, Format Version 12.00
# Visual Studio Version 17
VisualStudioVersion = 17.3.32929.385
MinimumVisualStudioVersion = 10.0.40219.1
Project("{9A19103F-16F7-4668-BE54-9A1E7A4F7556}") = "DisposablePattern.Implementations", "DisposablePattern.Implementations\DisposablePattern.Implementations.csproj", "{8834D65E-B426-4159-BDBA-D096B672D3F6}"
EndProject
Project("{FAE04EC0-301F-11D3-BF4B-00C04F79EFBC}") = "DisposablePattern.MemoryLeak", "DisposablePattern.MemoryLeak\DisposablePattern.MemoryLeak.csproj", "{D4A91DEE-66C0-4C45-9B25-5A56787F9890}"
EndProject
Global
	GlobalSection(SolutionConfigurationPlatforms) = preSolution
		Debug|Any CPU = Debug|Any CPU
		Release|Any CPU = Release|Any CPU
	EndGlobalSection
	GlobalSection(ProjectConfigurationPlatforms) = postSolution
		{8834D65E-B426-4159-BDBA-D096B672D3F6}.Debug|Any CPU.ActiveCfg = Debug|Any CPU
		{8834D65E-B426-4159-BDBA-D096B672D3F6}.Debug|Any CPU.Build.0 = Debug|Any CPU
		{8834D65E-B426-4159-BDBA-D096B672D3F6}.Release|Any CPU.ActiveCfg = Release|Any CPU
		{8834D65E-B426-4159-BDBA-D096B672D3F6}.Release|Any CPU.Build.0 = Release|Any CPU
		{D4A91DEE-66C0-4C45-9B25-5A56787F9890}.Debug|Any CPU.ActiveCfg = Debug|Any CPU
		{D4A91DEE-66C0-4C45-9B25-5A56787F9890}.Debug|Any CPU.Build.0 = Debug|Any CPU
		{D4A91DEE-66C0-4C45-9B25-5A56787F9890}.Release|Any CPU.ActiveCfg = Release|Any CPU
		{D4A91DEE-66C0-4C45-9B25-5A56787F9890}.Release|Any CPU.Build.0 = Release|Any CPU
	EndGlobalSection
	GlobalSection(SolutionProperties) = preSolution
		HideSolutionNode = FALSE
	EndGlobalSection
	GlobalSection(ExtensibilityGlobals) = postSolution
		SolutionGuid = {123FBA6B-A6F9-4B45-9A09-2943BCA43E9F}
	EndGlobalSection
EndGlobal
